dependencies:
- name: mongodb-kubernetes
  repository: https://mongodb.github.io/helm-charts
  version: 1.6.1
- name: mssql
  repository: oci://registry.gitlab.com/xrow-public/helm-mssql/charts
  version: 1.3.0
digest: sha256:ef24a8d22af43663c3f5afe64f26aaa7c66c2840263acb28db1cda53365e4f49
generated: "2026-02-03T14:53:03.540998-05:00"
