dependencies:
- name: mongodb-kubernetes
  repository: https://mongodb.github.io/helm-charts
  version: 1.2.0
- name: mssql
  repository: oci://registry.gitlab.com/xrow-public/helm-mssql/charts
  version: 1.0.3
digest: sha256:ea8743f32fd4db8cc0cd2c64b32a0d71c7181e389ef363765d832b3429554a7d
generated: "2025-08-13T10:56:46.239489-04:00"
