dependencies:
- name: mongodb-kubernetes
  repository: https://mongodb.github.io/helm-charts
  version: 1.2.0
- name: mssql
  repository: oci://registry.gitlab.com/xrow-public/helm-mssql/charts
  version: 1.0.3
digest: sha256:e0b41c483b2972b6c3b2c4826e93df69bc145bbca7216f19db4b4ac7232332d1
generated: "2025-08-07T15:24:41.077519-04:00"
