dependencies:
- name: base
  repository: https://istio-release.storage.googleapis.com/charts
  version: 1.18.2
- name: istiod
  repository: https://istio-release.storage.googleapis.com/charts
  version: 1.18.2
- name: gateway
  repository: https://istio-release.storage.googleapis.com/charts
  version: 1.18.2
digest: sha256:fedd5dd0a4c53af383d52a83dae6828e28dc9f463fb575e1b9a82780a7c8b8e8
generated: "2023-08-08T11:09:04.687764-04:00"
